
Microsoft Visual Studio Solution File, Format Version 12.00
# Visual Studio Version 16
VisualStudioVersion = 16.0.30104.148
MinimumVisualStudioVersion = 10.0.40219.1
Project("{FAE04EC0-301F-11D3-BF4B-00C04F79EFBC}") = "EnrollmentImporter", "EnrollmentImporter\EnrollmentImporter.csproj", "{2BF5B9FA-9CD3-48B3-BE43-77A348D7CE16}"
EndProject
Project("{FAE04EC0-301F-11D3-BF4B-00C04F79EFBC}") = "Validation", "Validation\Validation.csproj", "{F4BDC1E2-2528-4FEB-9DF4-672D73F40F34}"
EndProject
Project("{FAE04EC0-301F-11D3-BF4B-00C04F79EFBC}") = "Model", "Model\Model.csproj", "{14FAC702-D7DD-4AE7-99C8-B143D4A8FF22}"
EndProject
Project("{FAE04EC0-301F-11D3-BF4B-00C04F79EFBC}") = "DataStrategy", "DataStrategy\DataStrategy.csproj", "{7C0C5CB1-DD22-4282-8D42-CBC93BEB1FBE}"
EndProject
Project("{FAE04EC0-301F-11D3-BF4B-00C04F79EFBC}") = "Testing", "Testing\Testing.csproj", "{EC43F905-FDEB-4DC1-9E0E-A4933D893985}"
EndProject
Global
	GlobalSection(SolutionConfigurationPlatforms) = preSolution
		Debug|Any CPU = Debug|Any CPU
		Release|Any CPU = Release|Any CPU
	EndGlobalSection
	GlobalSection(ProjectConfigurationPlatforms) = postSolution
		{2BF5B9FA-9CD3-48B3-BE43-77A348D7CE16}.Debug|Any CPU.ActiveCfg = Debug|Any CPU
		{2BF5B9FA-9CD3-48B3-BE43-77A348D7CE16}.Debug|Any CPU.Build.0 = Debug|Any CPU
		{2BF5B9FA-9CD3-48B3-BE43-77A348D7CE16}.Release|Any CPU.ActiveCfg = Release|Any CPU
		{2BF5B9FA-9CD3-48B3-BE43-77A348D7CE16}.Release|Any CPU.Build.0 = Release|Any CPU
		{F4BDC1E2-2528-4FEB-9DF4-672D73F40F34}.Debug|Any CPU.ActiveCfg = Debug|Any CPU
		{F4BDC1E2-2528-4FEB-9DF4-672D73F40F34}.Debug|Any CPU.Build.0 = Debug|Any CPU
		{F4BDC1E2-2528-4FEB-9DF4-672D73F40F34}.Release|Any CPU.ActiveCfg = Release|Any CPU
		{F4BDC1E2-2528-4FEB-9DF4-672D73F40F34}.Release|Any CPU.Build.0 = Release|Any CPU
		{14FAC702-D7DD-4AE7-99C8-B143D4A8FF22}.Debug|Any CPU.ActiveCfg = Debug|Any CPU
		{14FAC702-D7DD-4AE7-99C8-B143D4A8FF22}.Debug|Any CPU.Build.0 = Debug|Any CPU
		{14FAC702-D7DD-4AE7-99C8-B143D4A8FF22}.Release|Any CPU.ActiveCfg = Release|Any CPU
		{14FAC702-D7DD-4AE7-99C8-B143D4A8FF22}.Release|Any CPU.Build.0 = Release|Any CPU
		{7C0C5CB1-DD22-4282-8D42-CBC93BEB1FBE}.Debug|Any CPU.ActiveCfg = Debug|Any CPU
		{7C0C5CB1-DD22-4282-8D42-CBC93BEB1FBE}.Debug|Any CPU.Build.0 = Debug|Any CPU
		{7C0C5CB1-DD22-4282-8D42-CBC93BEB1FBE}.Release|Any CPU.ActiveCfg = Release|Any CPU
		{7C0C5CB1-DD22-4282-8D42-CBC93BEB1FBE}.Release|Any CPU.Build.0 = Release|Any CPU
		{EC43F905-FDEB-4DC1-9E0E-A4933D893985}.Debug|Any CPU.ActiveCfg = Debug|Any CPU
		{EC43F905-FDEB-4DC1-9E0E-A4933D893985}.Debug|Any CPU.Build.0 = Debug|Any CPU
		{EC43F905-FDEB-4DC1-9E0E-A4933D893985}.Release|Any CPU.ActiveCfg = Release|Any CPU
		{EC43F905-FDEB-4DC1-9E0E-A4933D893985}.Release|Any CPU.Build.0 = Release|Any CPU
	EndGlobalSection
	GlobalSection(SolutionProperties) = preSolution
		HideSolutionNode = FALSE
	EndGlobalSection
	GlobalSection(ExtensibilityGlobals) = postSolution
		SolutionGuid = {F2B7AC97-CAFA-4248-8D1E-B89C0D832E6D}
	EndGlobalSection
EndGlobal
